
Microsoft Visual Studio Solution File, Format Version 12.00
# Visual Studio Version 17
VisualStudioVersion = 17.9.34616.47
MinimumVisualStudioVersion = 10.0.40219.1
Project("{FAE04EC0-301F-11D3-BF4B-00C04F79EFBC}") = "MohamedYStudyGroup", "MohamedYStudyGroup\MohamedYStudyGroup.csproj", "{64310DB5-C691-402F-888A-13BE12DDF8D7}"
EndProject
Global
	GlobalSection(SolutionConfigurationPlatforms) = preSolution
		Debug|Any CPU = Debug|Any CPU
		Release|Any CPU = Release|Any CPU
	EndGlobalSection
	GlobalSection(ProjectConfigurationPlatforms) = postSolution
		{64310DB5-C691-402F-888A-13BE12DDF8D7}.Debug|Any CPU.ActiveCfg = Debug|Any CPU
		{64310DB5-C691-402F-888A-13BE12DDF8D7}.Debug|Any CPU.Build.0 = Debug|Any CPU
		{64310DB5-C691-402F-888A-13BE12DDF8D7}.Release|Any CPU.ActiveCfg = Release|Any CPU
		{64310DB5-C691-402F-888A-13BE12DDF8D7}.Release|Any CPU.Build.0 = Release|Any CPU
	EndGlobalSection
	GlobalSection(SolutionProperties) = preSolution
		HideSolutionNode = FALSE
	EndGlobalSection
	GlobalSection(ExtensibilityGlobals) = postSolution
		SolutionGuid = {E4DC1077-FBB1-46C1-B9F0-1F892B504DFE}
	EndGlobalSection
EndGlobal
